
Microsoft Visual Studio Solution File, Format Version 12.00
# Visual Studio Version 17
VisualStudioVersion = 17.7.34031.279
MinimumVisualStudioVersion = 10.0.40219.1
Project("{8BC9CEB8-8B4A-11D0-8D11-00A0C91BC942}") = "Bomboclatt", "Bomboclatt\Bomboclatt.vcxproj", "{F03736F5-230D-409A-ABDB-81C9FFE88222}"
EndProject
Global
	GlobalSection(SolutionConfigurationPlatforms) = preSolution
		Debug|x64 = Debug|x64
		Debug|x86 = Debug|x86
		Release|x64 = Release|x64
		Release|x86 = Release|x86
	EndGlobalSection
	GlobalSection(ProjectConfigurationPlatforms) = postSolution
		{F03736F5-230D-409A-ABDB-81C9FFE88222}.Debug|x64.ActiveCfg = Debug|x64
		{F03736F5-230D-409A-ABDB-81C9FFE88222}.Debug|x64.Build.0 = Debug|x64
		{F03736F5-230D-409A-ABDB-81C9FFE88222}.Debug|x86.ActiveCfg = Debug|Win32
		{F03736F5-230D-409A-ABDB-81C9FFE88222}.Debug|x86.Build.0 = Debug|Win32
		{F03736F5-230D-409A-ABDB-81C9FFE88222}.Release|x64.ActiveCfg = Release|x64
		{F03736F5-230D-409A-ABDB-81C9FFE88222}.Release|x64.Build.0 = Release|x64
		{F03736F5-230D-409A-ABDB-81C9FFE88222}.Release|x86.ActiveCfg = Release|Win32
		{F03736F5-230D-409A-ABDB-81C9FFE88222}.Release|x86.Build.0 = Release|Win32
	EndGlobalSection
	GlobalSection(SolutionProperties) = preSolution
		HideSolutionNode = FALSE
	EndGlobalSection
	GlobalSection(ExtensibilityGlobals) = postSolution
		SolutionGuid = {191DDBC6-AD87-42D2-881D-18DB91C67870}
	EndGlobalSection
EndGlobal
